
Microsoft Visual Studio Solution File, Format Version 12.00
# Visual Studio Version 17
VisualStudioVersion = 17.8.34511.84
MinimumVisualStudioVersion = 10.0.40219.1
Project("{FAE04EC0-301F-11D3-BF4B-00C04F79EFBC}") = "ConsoleAppTaskdop1hw0502", "ConsoleAppTaskdop1hw0502.csproj", "{AF067F2C-3BB7-4293-AFD5-B559AE079F7B}"
EndProject
Global
	GlobalSection(SolutionConfigurationPlatforms) = preSolution
		Debug|Any CPU = Debug|Any CPU
		Release|Any CPU = Release|Any CPU
	EndGlobalSection
	GlobalSection(ProjectConfigurationPlatforms) = postSolution
		{AF067F2C-3BB7-4293-AFD5-B559AE079F7B}.Debug|Any CPU.ActiveCfg = Debug|Any CPU
		{AF067F2C-3BB7-4293-AFD5-B559AE079F7B}.Debug|Any CPU.Build.0 = Debug|Any CPU
		{AF067F2C-3BB7-4293-AFD5-B559AE079F7B}.Release|Any CPU.ActiveCfg = Release|Any CPU
		{AF067F2C-3BB7-4293-AFD5-B559AE079F7B}.Release|Any CPU.Build.0 = Release|Any CPU
	EndGlobalSection
	GlobalSection(SolutionProperties) = preSolution
		HideSolutionNode = FALSE
	EndGlobalSection
	GlobalSection(ExtensibilityGlobals) = postSolution
		SolutionGuid = {B036FC8E-EF3C-43AD-81D5-F749A58BBF58}
	EndGlobalSection
EndGlobal
